
Microsoft Visual Studio Solution File, Format Version 12.00
# Visual Studio Version 17
VisualStudioVersion = 17.12.35527.113
MinimumVisualStudioVersion = 10.0.40219.1
Project("{2150E333-8FDC-42A3-9474-1A3956D46DE8}") = "FrontEnd", "FrontEnd", "{23DF9D6A-E68F-4DD8-BA4E-36B5D24F3ECC}"
EndProject
Project("{2150E333-8FDC-42A3-9474-1A3956D46DE8}") = "Gateway", "Gateway", "{697AA569-EBE9-4D90-A829-EA5978436CA2}"
EndProject
Project("{2150E333-8FDC-42A3-9474-1A3956D46DE8}") = "Integration", "Integration", "{D18357A9-EA96-446F-B76B-A0C6953866CB}"
EndProject
Project("{2150E333-8FDC-42A3-9474-1A3956D46DE8}") = "Services", "Services", "{9C423486-1115-448E-8580-D6FF9F1CCDB9}"
EndProject
Project("{FAE04EC0-301F-11D3-BF4B-00C04F79EFBC}") = "Mango.Services.CouponAPI", "Mango.Services.CouponAPI\Mango.Services.CouponAPI.csproj", "{A4FADC97-7BCD-4755-8FDE-F8EF89B25C6C}"
EndProject
Project("{FAE04EC0-301F-11D3-BF4B-00C04F79EFBC}") = "Mango.Web", "Mango.Web\Mango.Web.csproj", "{743F7F95-043C-473A-90C7-CE1A277B6459}"
EndProject
Project("{FAE04EC0-301F-11D3-BF4B-00C04F79EFBC}") = "Mango.Services.AuthAPI", "Mango.Services.AuthAPI\Mango.Services.AuthAPI.csproj", "{ADEA70B6-F3FC-4D52-BAA9-2065856990C1}"
EndProject
Project("{FAE04EC0-301F-11D3-BF4B-00C04F79EFBC}") = "Mango.Services.ProductAPI", "Mango.Service.ProductAPI\Mango.Services.ProductAPI.csproj", "{B962C0D8-8A8B-4D08-9ACD-52D8D12D6E44}"
EndProject
Project("{FAE04EC0-301F-11D3-BF4B-00C04F79EFBC}") = "Mango.Services.ShoppingCartAPI", "Mago.Services.ShoppingCartAPI\Mango.Services.ShoppingCartAPI.csproj", "{159E3D4D-C46A-4805-854C-BBFD99DC2DC6}"
EndProject
Project("{FAE04EC0-301F-11D3-BF4B-00C04F79EFBC}") = "Mango.MessageBus", "Mango.MessageBus\Mango.MessageBus.csproj", "{244D627C-B1BB-4BFF-B2A8-6B802EFFD615}"
EndProject
Project("{FAE04EC0-301F-11D3-BF4B-00C04F79EFBC}") = "Mango.Services.EmailAPI", "Mango.Services.EmailAPI\Mango.Services.EmailAPI.csproj", "{3828EA6D-B549-45FD-813A-7917A5242537}"
EndProject
Project("{FAE04EC0-301F-11D3-BF4B-00C04F79EFBC}") = "Mango.Services.OrderAPI", "Mango.Services.OrderAPI\Mango.Services.OrderAPI.csproj", "{3C9FA727-160D-4B96-8458-F6F371170204}"
EndProject
Project("{FAE04EC0-301F-11D3-BF4B-00C04F79EFBC}") = "Mango.Services.RewardAPI", "Mango.Services.RewardAPI\Mango.Services.RewardAPI.csproj", "{094BDABA-C68B-4F76-A4A4-E2445BACD124}"
EndProject
Global
	GlobalSection(SolutionConfigurationPlatforms) = preSolution
		Debug|Any CPU = Debug|Any CPU
		Release|Any CPU = Release|Any CPU
	EndGlobalSection
	GlobalSection(ProjectConfigurationPlatforms) = postSolution
		{A4FADC97-7BCD-4755-8FDE-F8EF89B25C6C}.Debug|Any CPU.ActiveCfg = Debug|Any CPU
		{A4FADC97-7BCD-4755-8FDE-F8EF89B25C6C}.Debug|Any CPU.Build.0 = Debug|Any CPU
		{A4FADC97-7BCD-4755-8FDE-F8EF89B25C6C}.Release|Any CPU.ActiveCfg = Release|Any CPU
		{A4FADC97-7BCD-4755-8FDE-F8EF89B25C6C}.Release|Any CPU.Build.0 = Release|Any CPU
		{743F7F95-043C-473A-90C7-CE1A277B6459}.Debug|Any CPU.ActiveCfg = Debug|Any CPU
		{743F7F95-043C-473A-90C7-CE1A277B6459}.Debug|Any CPU.Build.0 = Debug|Any CPU
		{743F7F95-043C-473A-90C7-CE1A277B6459}.Release|Any CPU.ActiveCfg = Release|Any CPU
		{743F7F95-043C-473A-90C7-CE1A277B6459}.Release|Any CPU.Build.0 = Release|Any CPU
		{ADEA70B6-F3FC-4D52-BAA9-2065856990C1}.Debug|Any CPU.ActiveCfg = Debug|Any CPU
		{ADEA70B6-F3FC-4D52-BAA9-2065856990C1}.Debug|Any CPU.Build.0 = Debug|Any CPU
		{ADEA70B6-F3FC-4D52-BAA9-2065856990C1}.Release|Any CPU.ActiveCfg = Release|Any CPU
		{ADEA70B6-F3FC-4D52-BAA9-2065856990C1}.Release|Any CPU.Build.0 = Release|Any CPU
		{B962C0D8-8A8B-4D08-9ACD-52D8D12D6E44}.Debug|Any CPU.ActiveCfg = Debug|Any CPU
		{B962C0D8-8A8B-4D08-9ACD-52D8D12D6E44}.Debug|Any CPU.Build.0 = Debug|Any CPU
		{B962C0D8-8A8B-4D08-9ACD-52D8D12D6E44}.Release|Any CPU.ActiveCfg = Release|Any CPU
		{B962C0D8-8A8B-4D08-9ACD-52D8D12D6E44}.Release|Any CPU.Build.0 = Release|Any CPU
		{159E3D4D-C46A-4805-854C-BBFD99DC2DC6}.Debug|Any CPU.ActiveCfg = Debug|Any CPU
		{159E3D4D-C46A-4805-854C-BBFD99DC2DC6}.Debug|Any CPU.Build.0 = Debug|Any CPU
		{159E3D4D-C46A-4805-854C-BBFD99DC2DC6}.Release|Any CPU.ActiveCfg = Release|Any CPU
		{159E3D4D-C46A-4805-854C-BBFD99DC2DC6}.Release|Any CPU.Build.0 = Release|Any CPU
		{244D627C-B1BB-4BFF-B2A8-6B802EFFD615}.Debug|Any CPU.ActiveCfg = Debug|Any CPU
		{244D627C-B1BB-4BFF-B2A8-6B802EFFD615}.Debug|Any CPU.Build.0 = Debug|Any CPU
		{244D627C-B1BB-4BFF-B2A8-6B802EFFD615}.Release|Any CPU.ActiveCfg = Release|Any CPU
		{244D627C-B1BB-4BFF-B2A8-6B802EFFD615}.Release|Any CPU.Build.0 = Release|Any CPU
		{3828EA6D-B549-45FD-813A-7917A5242537}.Debug|Any CPU.ActiveCfg = Debug|Any CPU
		{3828EA6D-B549-45FD-813A-7917A5242537}.Debug|Any CPU.Build.0 = Debug|Any CPU
		{3828EA6D-B549-45FD-813A-7917A5242537}.Release|Any CPU.ActiveCfg = Release|Any CPU
		{3828EA6D-B549-45FD-813A-7917A5242537}.Release|Any CPU.Build.0 = Release|Any CPU
		{3C9FA727-160D-4B96-8458-F6F371170204}.Debug|Any CPU.ActiveCfg = Debug|Any CPU
		{3C9FA727-160D-4B96-8458-F6F371170204}.Debug|Any CPU.Build.0 = Debug|Any CPU
		{3C9FA727-160D-4B96-8458-F6F371170204}.Release|Any CPU.ActiveCfg = Release|Any CPU
		{3C9FA727-160D-4B96-8458-F6F371170204}.Release|Any CPU.Build.0 = Release|Any CPU
		{094BDABA-C68B-4F76-A4A4-E2445BACD124}.Debug|Any CPU.ActiveCfg = Debug|Any CPU
		{094BDABA-C68B-4F76-A4A4-E2445BACD124}.Debug|Any CPU.Build.0 = Debug|Any CPU
		{094BDABA-C68B-4F76-A4A4-E2445BACD124}.Release|Any CPU.ActiveCfg = Release|Any CPU
		{094BDABA-C68B-4F76-A4A4-E2445BACD124}.Release|Any CPU.Build.0 = Release|Any CPU
	EndGlobalSection
	GlobalSection(SolutionProperties) = preSolution
		HideSolutionNode = FALSE
	EndGlobalSection
	GlobalSection(NestedProjects) = preSolution
		{A4FADC97-7BCD-4755-8FDE-F8EF89B25C6C} = {9C423486-1115-448E-8580-D6FF9F1CCDB9}
		{743F7F95-043C-473A-90C7-CE1A277B6459} = {23DF9D6A-E68F-4DD8-BA4E-36B5D24F3ECC}
		{ADEA70B6-F3FC-4D52-BAA9-2065856990C1} = {9C423486-1115-448E-8580-D6FF9F1CCDB9}
		{B962C0D8-8A8B-4D08-9ACD-52D8D12D6E44} = {9C423486-1115-448E-8580-D6FF9F1CCDB9}
		{159E3D4D-C46A-4805-854C-BBFD99DC2DC6} = {9C423486-1115-448E-8580-D6FF9F1CCDB9}
		{244D627C-B1BB-4BFF-B2A8-6B802EFFD615} = {D18357A9-EA96-446F-B76B-A0C6953866CB}
		{3828EA6D-B549-45FD-813A-7917A5242537} = {9C423486-1115-448E-8580-D6FF9F1CCDB9}
		{3C9FA727-160D-4B96-8458-F6F371170204} = {9C423486-1115-448E-8580-D6FF9F1CCDB9}
		{094BDABA-C68B-4F76-A4A4-E2445BACD124} = {9C423486-1115-448E-8580-D6FF9F1CCDB9}
	EndGlobalSection
EndGlobal
